
Microsoft Visual Studio Solution File, Format Version 11.00
# Visual Studio 2010
Project("{FAE04EC0-301F-11D3-BF4B-00C04F79EFBC}") = "Zyan.Examples.Linq.Server", "Zyan.Examples.Linq.Server\Zyan.Examples.Linq.Server.csproj", "{BEA43C5F-DE58-4FE4-8E82-E39901EF6B37}"
EndProject
Project("{FAE04EC0-301F-11D3-BF4B-00C04F79EFBC}") = "Zyan.Communication", "..\..\source\Zyan.Communication\Zyan.Communication.csproj", "{EFC96CDA-BF8D-4B94-B4DE-882F841ABCCE}"
EndProject
Project("{FAE04EC0-301F-11D3-BF4B-00C04F79EFBC}") = "Zyan.Examples.Linq.Client", "Zyan.Examples.Linq.Client\Zyan.Examples.Linq.Client.csproj", "{0C5C8F49-6876-46F2-B6B2-62BB723EB7ED}"
EndProject
Project("{FAE04EC0-301F-11D3-BF4B-00C04F79EFBC}") = "Zyan.Examples.Linq.Interfaces", "Zyan.Examples.Linq.Interfaces\Zyan.Examples.Linq.Interfaces.csproj", "{4CADF1C4-7526-4651-A0CD-2D72E64D0FF4}"
EndProject
Global
	GlobalSection(SolutionConfigurationPlatforms) = preSolution
		Debug|Any CPU = Debug|Any CPU
		Debug|Mixed Platforms = Debug|Mixed Platforms
		Debug|x86 = Debug|x86
		Release|Any CPU = Release|Any CPU
		Release|Mixed Platforms = Release|Mixed Platforms
		Release|x86 = Release|x86
	EndGlobalSection
	GlobalSection(ProjectConfigurationPlatforms) = postSolution
		{BEA43C5F-DE58-4FE4-8E82-E39901EF6B37}.Debug|Any CPU.ActiveCfg = Debug|x86
		{BEA43C5F-DE58-4FE4-8E82-E39901EF6B37}.Debug|Mixed Platforms.ActiveCfg = Debug|x86
		{BEA43C5F-DE58-4FE4-8E82-E39901EF6B37}.Debug|Mixed Platforms.Build.0 = Debug|x86
		{BEA43C5F-DE58-4FE4-8E82-E39901EF6B37}.Debug|x86.ActiveCfg = Debug|x86
		{BEA43C5F-DE58-4FE4-8E82-E39901EF6B37}.Debug|x86.Build.0 = Debug|x86
		{BEA43C5F-DE58-4FE4-8E82-E39901EF6B37}.Release|Any CPU.ActiveCfg = Release|x86
		{BEA43C5F-DE58-4FE4-8E82-E39901EF6B37}.Release|Mixed Platforms.ActiveCfg = Release|x86
		{BEA43C5F-DE58-4FE4-8E82-E39901EF6B37}.Release|Mixed Platforms.Build.0 = Release|x86
		{BEA43C5F-DE58-4FE4-8E82-E39901EF6B37}.Release|x86.ActiveCfg = Release|x86
		{BEA43C5F-DE58-4FE4-8E82-E39901EF6B37}.Release|x86.Build.0 = Release|x86
		{EFC96CDA-BF8D-4B94-B4DE-882F841ABCCE}.Debug|Any CPU.ActiveCfg = Debug|Any CPU
		{EFC96CDA-BF8D-4B94-B4DE-882F841ABCCE}.Debug|Any CPU.Build.0 = Debug|Any CPU
		{EFC96CDA-BF8D-4B94-B4DE-882F841ABCCE}.Debug|Mixed Platforms.ActiveCfg = Debug|Any CPU
		{EFC96CDA-BF8D-4B94-B4DE-882F841ABCCE}.Debug|Mixed Platforms.Build.0 = Debug|Any CPU
		{EFC96CDA-BF8D-4B94-B4DE-882F841ABCCE}.Debug|x86.ActiveCfg = Debug|Any CPU
		{EFC96CDA-BF8D-4B94-B4DE-882F841ABCCE}.Release|Any CPU.ActiveCfg = Release|Any CPU
		{EFC96CDA-BF8D-4B94-B4DE-882F841ABCCE}.Release|Any CPU.Build.0 = Release|Any CPU
		{EFC96CDA-BF8D-4B94-B4DE-882F841ABCCE}.Release|Mixed Platforms.ActiveCfg = Release|Any CPU
		{EFC96CDA-BF8D-4B94-B4DE-882F841ABCCE}.Release|Mixed Platforms.Build.0 = Release|Any CPU
		{EFC96CDA-BF8D-4B94-B4DE-882F841ABCCE}.Release|x86.ActiveCfg = Release|Any CPU
		{0C5C8F49-6876-46F2-B6B2-62BB723EB7ED}.Debug|Any CPU.ActiveCfg = Debug|x86
		{0C5C8F49-6876-46F2-B6B2-62BB723EB7ED}.Debug|Mixed Platforms.ActiveCfg = Debug|x86
		{0C5C8F49-6876-46F2-B6B2-62BB723EB7ED}.Debug|Mixed Platforms.Build.0 = Debug|x86
		{0C5C8F49-6876-46F2-B6B2-62BB723EB7ED}.Debug|x86.ActiveCfg = Debug|x86
		{0C5C8F49-6876-46F2-B6B2-62BB723EB7ED}.Debug|x86.Build.0 = Debug|x86
		{0C5C8F49-6876-46F2-B6B2-62BB723EB7ED}.Release|Any CPU.ActiveCfg = Release|x86
		{0C5C8F49-6876-46F2-B6B2-62BB723EB7ED}.Release|Mixed Platforms.ActiveCfg = Release|x86
		{0C5C8F49-6876-46F2-B6B2-62BB723EB7ED}.Release|Mixed Platforms.Build.0 = Release|x86
		{0C5C8F49-6876-46F2-B6B2-62BB723EB7ED}.Release|x86.ActiveCfg = Release|x86
		{0C5C8F49-6876-46F2-B6B2-62BB723EB7ED}.Release|x86.Build.0 = Release|x86
		{4CADF1C4-7526-4651-A0CD-2D72E64D0FF4}.Debug|Any CPU.ActiveCfg = Debug|Any CPU
		{4CADF1C4-7526-4651-A0CD-2D72E64D0FF4}.Debug|Any CPU.Build.0 = Debug|Any CPU
		{4CADF1C4-7526-4651-A0CD-2D72E64D0FF4}.Debug|Mixed Platforms.ActiveCfg = Debug|Any CPU
		{4CADF1C4-7526-4651-A0CD-2D72E64D0FF4}.Debug|Mixed Platforms.Build.0 = Debug|Any CPU
		{4CADF1C4-7526-4651-A0CD-2D72E64D0FF4}.Debug|x86.ActiveCfg = Debug|Any CPU
		{4CADF1C4-7526-4651-A0CD-2D72E64D0FF4}.Release|Any CPU.ActiveCfg = Release|Any CPU
		{4CADF1C4-7526-4651-A0CD-2D72E64D0FF4}.Release|Any CPU.Build.0 = Release|Any CPU
		{4CADF1C4-7526-4651-A0CD-2D72E64D0FF4}.Release|Mixed Platforms.ActiveCfg = Release|Any CPU
		{4CADF1C4-7526-4651-A0CD-2D72E64D0FF4}.Release|Mixed Platforms.Build.0 = Release|Any CPU
		{4CADF1C4-7526-4651-A0CD-2D72E64D0FF4}.Release|x86.ActiveCfg = Release|Any CPU
	EndGlobalSection
	GlobalSection(SolutionProperties) = preSolution
		HideSolutionNode = FALSE
	EndGlobalSection
EndGlobal
