
Microsoft Visual Studio Solution File, Format Version 12.00
# Visual Studio 2012
Project("{FAE04EC0-301F-11D3-BF4B-00C04F79EFBC}") = "Zyan.Communication.HotUpdate", "Zyan.Communication.HotUpdate.csproj", "{7A50F679-F82D-4FA5-B09A-79EAE6306870}"
EndProject
Global
	GlobalSection(TeamFoundationVersionControl) = preSolution
		SccNumberOfProjects = 2
		SccEnterpriseProvider = {4CA58AB2-18FA-4F8D-95D4-32DDF27D184C}
		SccTeamFoundationServer = https://tfs.codeplex.com/tfs/tfs15
		SccLocalPath0 = .
		SccProjectUniqueName1 = Zyan.Communication.HotUpdate.csproj
		SccLocalPath1 = .
	EndGlobalSection
	GlobalSection(SolutionConfigurationPlatforms) = preSolution
		Debug|Any CPU = Debug|Any CPU
		Release|Any CPU = Release|Any CPU
	EndGlobalSection
	GlobalSection(ProjectConfigurationPlatforms) = postSolution
		{7A50F679-F82D-4FA5-B09A-79EAE6306870}.Debug|Any CPU.ActiveCfg = Debug|Any CPU
		{7A50F679-F82D-4FA5-B09A-79EAE6306870}.Debug|Any CPU.Build.0 = Debug|Any CPU
		{7A50F679-F82D-4FA5-B09A-79EAE6306870}.Release|Any CPU.ActiveCfg = Release|Any CPU
		{7A50F679-F82D-4FA5-B09A-79EAE6306870}.Release|Any CPU.Build.0 = Release|Any CPU
	EndGlobalSection
	GlobalSection(SolutionProperties) = preSolution
		HideSolutionNode = FALSE
	EndGlobalSection
EndGlobal
