
Microsoft Visual Studio Solution File, Format Version 12.00
# Visual Studio 14
VisualStudioVersion = 14.0.23107.0
MinimumVisualStudioVersion = 10.0.40219.1
Project("{FAE04EC0-301F-11D3-BF4B-00C04F79EFBC}") = "Zyan.Examples.CallInterceptor.FirstServer", "WindowsFormsApplication1\Zyan.Examples.CallInterceptor.FirstServer.csproj", "{98B7D4AA-5306-468F-AAA4-15B87CC99978}"
EndProject
Project("{FAE04EC0-301F-11D3-BF4B-00C04F79EFBC}") = "Zyan.Examples.CallInterceptor.Client", "WindowsFormsApplication2\Zyan.Examples.CallInterceptor.Client.csproj", "{F6B27776-374F-4090-8FA4-005A7D98ACCE}"
EndProject
Project("{FAE04EC0-301F-11D3-BF4B-00C04F79EFBC}") = "Zyan.Examples.CallInterceptor.Interfaces", "ServerInterfaces\Zyan.Examples.CallInterceptor.Interfaces.csproj", "{3CF3785D-0F25-4F60-88E3-9310D7D2DC7A}"
EndProject
Project("{FAE04EC0-301F-11D3-BF4B-00C04F79EFBC}") = "Zyan.Examples.CallInterceptor.SecondServer", "SecondServerApplication\Zyan.Examples.CallInterceptor.SecondServer.csproj", "{B86A78B2-003A-4A2B-872F-AB4455D18503}"
EndProject
Global
	GlobalSection(SolutionConfigurationPlatforms) = preSolution
		Debug|Any CPU = Debug|Any CPU
		Release|Any CPU = Release|Any CPU
	EndGlobalSection
	GlobalSection(ProjectConfigurationPlatforms) = postSolution
		{98B7D4AA-5306-468F-AAA4-15B87CC99978}.Debug|Any CPU.ActiveCfg = Debug|Any CPU
		{98B7D4AA-5306-468F-AAA4-15B87CC99978}.Debug|Any CPU.Build.0 = Debug|Any CPU
		{98B7D4AA-5306-468F-AAA4-15B87CC99978}.Release|Any CPU.ActiveCfg = Release|Any CPU
		{98B7D4AA-5306-468F-AAA4-15B87CC99978}.Release|Any CPU.Build.0 = Release|Any CPU
		{F6B27776-374F-4090-8FA4-005A7D98ACCE}.Debug|Any CPU.ActiveCfg = Debug|Any CPU
		{F6B27776-374F-4090-8FA4-005A7D98ACCE}.Debug|Any CPU.Build.0 = Debug|Any CPU
		{F6B27776-374F-4090-8FA4-005A7D98ACCE}.Release|Any CPU.ActiveCfg = Release|Any CPU
		{F6B27776-374F-4090-8FA4-005A7D98ACCE}.Release|Any CPU.Build.0 = Release|Any CPU
		{3CF3785D-0F25-4F60-88E3-9310D7D2DC7A}.Debug|Any CPU.ActiveCfg = Debug|Any CPU
		{3CF3785D-0F25-4F60-88E3-9310D7D2DC7A}.Debug|Any CPU.Build.0 = Debug|Any CPU
		{3CF3785D-0F25-4F60-88E3-9310D7D2DC7A}.Release|Any CPU.ActiveCfg = Release|Any CPU
		{3CF3785D-0F25-4F60-88E3-9310D7D2DC7A}.Release|Any CPU.Build.0 = Release|Any CPU
		{B86A78B2-003A-4A2B-872F-AB4455D18503}.Debug|Any CPU.ActiveCfg = Debug|Any CPU
		{B86A78B2-003A-4A2B-872F-AB4455D18503}.Debug|Any CPU.Build.0 = Debug|Any CPU
		{B86A78B2-003A-4A2B-872F-AB4455D18503}.Release|Any CPU.ActiveCfg = Release|Any CPU
		{B86A78B2-003A-4A2B-872F-AB4455D18503}.Release|Any CPU.Build.0 = Release|Any CPU
	EndGlobalSection
	GlobalSection(SolutionProperties) = preSolution
		HideSolutionNode = FALSE
	EndGlobalSection
EndGlobal
