
Microsoft Visual Studio Solution File, Format Version 12.00
# Visual Studio Version 16
VisualStudioVersion = 16.0.30225.117
MinimumVisualStudioVersion = 10.0.40219.1
Project("{9A19103F-16F7-4668-BE54-9A1E7A4F7556}") = "Zyan.Communication", "Zyan.Communication\Zyan.Communication.csproj", "{EFC96CDA-BF8D-4B94-B4DE-882F841ABCCE}"
EndProject
Project("{2150E333-8FDC-42A3-9474-1A3956D46DE8}") = "Solution Items", "Solution Items", "{E9FB7AE3-607B-418F-87F4-1D5A6983E412}"
	ProjectSection(SolutionItems) = preProject
		Local.testsettings = Local.testsettings
		TraceAndTestImpact.testsettings = TraceAndTestImpact.testsettings
		Zyan.vsmdi = Zyan.vsmdi
	EndProjectSection
EndProject
Project("{2150E333-8FDC-42A3-9474-1A3956D46DE8}") = "Tests", "Tests", "{DD15B030-587C-4A27-840B-2D7615608FD9}"
EndProject
Project("{FAE04EC0-301F-11D3-BF4B-00C04F79EFBC}") = "IntegrationTest_DistributedEvents", "IntegrationTest_DistributedEvents\IntegrationTest_DistributedEvents.csproj", "{09360563-4EBA-460E-A1D4-D54B3B386066}"
EndProject
Project("{FAE04EC0-301F-11D3-BF4B-00C04F79EFBC}") = "Zyan.Communication.Fx3", "Zyan.Communication\Zyan.Communication.Fx3.csproj", "{260A24A8-69CF-4F36-8665-C6376F7BA16E}"
EndProject
Project("{FAE04EC0-301F-11D3-BF4B-00C04F79EFBC}") = "InterLinq.UnitTests.Artefacts", "Zyan.Tests.InterLinq\Artefacts\InterLinq.UnitTests.Artefacts.csproj", "{DF5A0083-AB07-4E04-BA02-8D21ED866337}"
EndProject
Project("{FAE04EC0-301F-11D3-BF4B-00C04F79EFBC}") = "InterLinq.UnitTests.Server", "Zyan.Tests.InterLinq\Server\InterLinq.UnitTests.Server.csproj", "{F2C28EEA-A38F-4BDB-A599-29B38D5FFF66}"
EndProject
Project("{FAE04EC0-301F-11D3-BF4B-00C04F79EFBC}") = "InterLinq.UnitTests", "Zyan.Tests.InterLinq\UnitTests\InterLinq.UnitTests.csproj", "{52816D09-D5F2-470F-AB4E-DA2F9EA300FD}"
EndProject
Project("{2150E333-8FDC-42A3-9474-1A3956D46DE8}") = "Tests.InterLinq", "Tests.InterLinq", "{502B0A21-982C-48A4-81D7-6073B99194E0}"
EndProject
Project("{FAE04EC0-301F-11D3-BF4B-00C04F79EFBC}") = "InterLinq.UnitTests.NUnit", "Zyan.Tests.InterLinq\UnitTests\InterLinq.UnitTests.NUnit.csproj", "{37A20035-ABE1-44D1-901E-845157D85010}"
EndProject
Project("{9A19103F-16F7-4668-BE54-9A1E7A4F7556}") = "Zyan.Tests", "Zyan.Tests\Zyan.Tests.csproj", "{2B915265-CBDA-482F-8F41-ADF7F8ABA660}"
EndProject
Global
	GlobalSection(SolutionConfigurationPlatforms) = preSolution
		Debug|Any CPU = Debug|Any CPU
		Debug|x64 = Debug|x64
		Release|Any CPU = Release|Any CPU
		Release|x64 = Release|x64
	EndGlobalSection
	GlobalSection(ProjectConfigurationPlatforms) = postSolution
		{EFC96CDA-BF8D-4B94-B4DE-882F841ABCCE}.Debug|Any CPU.ActiveCfg = Debug|Any CPU
		{EFC96CDA-BF8D-4B94-B4DE-882F841ABCCE}.Debug|Any CPU.Build.0 = Debug|Any CPU
		{EFC96CDA-BF8D-4B94-B4DE-882F841ABCCE}.Debug|x64.ActiveCfg = Debug|Any CPU
		{EFC96CDA-BF8D-4B94-B4DE-882F841ABCCE}.Debug|x64.Build.0 = Debug|Any CPU
		{EFC96CDA-BF8D-4B94-B4DE-882F841ABCCE}.Release|Any CPU.ActiveCfg = Release|Any CPU
		{EFC96CDA-BF8D-4B94-B4DE-882F841ABCCE}.Release|Any CPU.Build.0 = Release|Any CPU
		{EFC96CDA-BF8D-4B94-B4DE-882F841ABCCE}.Release|x64.ActiveCfg = Release|Any CPU
		{EFC96CDA-BF8D-4B94-B4DE-882F841ABCCE}.Release|x64.Build.0 = Release|Any CPU
		{09360563-4EBA-460E-A1D4-D54B3B386066}.Debug|Any CPU.ActiveCfg = Debug|Any CPU
		{09360563-4EBA-460E-A1D4-D54B3B386066}.Debug|Any CPU.Build.0 = Debug|Any CPU
		{09360563-4EBA-460E-A1D4-D54B3B386066}.Debug|x64.ActiveCfg = Debug|x86
		{09360563-4EBA-460E-A1D4-D54B3B386066}.Release|Any CPU.ActiveCfg = Release|Any CPU
		{09360563-4EBA-460E-A1D4-D54B3B386066}.Release|Any CPU.Build.0 = Release|Any CPU
		{09360563-4EBA-460E-A1D4-D54B3B386066}.Release|x64.ActiveCfg = Release|x86
		{260A24A8-69CF-4F36-8665-C6376F7BA16E}.Debug|Any CPU.ActiveCfg = Debug|Any CPU
		{260A24A8-69CF-4F36-8665-C6376F7BA16E}.Debug|Any CPU.Build.0 = Debug|Any CPU
		{260A24A8-69CF-4F36-8665-C6376F7BA16E}.Debug|x64.ActiveCfg = Debug|x64
		{260A24A8-69CF-4F36-8665-C6376F7BA16E}.Debug|x64.Build.0 = Debug|x64
		{260A24A8-69CF-4F36-8665-C6376F7BA16E}.Release|Any CPU.ActiveCfg = Release|Any CPU
		{260A24A8-69CF-4F36-8665-C6376F7BA16E}.Release|Any CPU.Build.0 = Release|Any CPU
		{260A24A8-69CF-4F36-8665-C6376F7BA16E}.Release|x64.ActiveCfg = Release|x64
		{260A24A8-69CF-4F36-8665-C6376F7BA16E}.Release|x64.Build.0 = Release|x64
		{DF5A0083-AB07-4E04-BA02-8D21ED866337}.Debug|Any CPU.ActiveCfg = Debug|Any CPU
		{DF5A0083-AB07-4E04-BA02-8D21ED866337}.Debug|Any CPU.Build.0 = Debug|Any CPU
		{DF5A0083-AB07-4E04-BA02-8D21ED866337}.Debug|x64.ActiveCfg = Debug|Any CPU
		{DF5A0083-AB07-4E04-BA02-8D21ED866337}.Release|Any CPU.ActiveCfg = Release|Any CPU
		{DF5A0083-AB07-4E04-BA02-8D21ED866337}.Release|x64.ActiveCfg = Release|Any CPU
		{F2C28EEA-A38F-4BDB-A599-29B38D5FFF66}.Debug|Any CPU.ActiveCfg = Debug|Any CPU
		{F2C28EEA-A38F-4BDB-A599-29B38D5FFF66}.Debug|Any CPU.Build.0 = Debug|Any CPU
		{F2C28EEA-A38F-4BDB-A599-29B38D5FFF66}.Debug|x64.ActiveCfg = Debug|Any CPU
		{F2C28EEA-A38F-4BDB-A599-29B38D5FFF66}.Release|Any CPU.ActiveCfg = Release|Any CPU
		{F2C28EEA-A38F-4BDB-A599-29B38D5FFF66}.Release|x64.ActiveCfg = Release|Any CPU
		{52816D09-D5F2-470F-AB4E-DA2F9EA300FD}.Debug|Any CPU.ActiveCfg = Debug|Any CPU
		{52816D09-D5F2-470F-AB4E-DA2F9EA300FD}.Debug|Any CPU.Build.0 = Debug|Any CPU
		{52816D09-D5F2-470F-AB4E-DA2F9EA300FD}.Debug|x64.ActiveCfg = Debug|Any CPU
		{52816D09-D5F2-470F-AB4E-DA2F9EA300FD}.Release|Any CPU.ActiveCfg = Release|Any CPU
		{52816D09-D5F2-470F-AB4E-DA2F9EA300FD}.Release|x64.ActiveCfg = Release|Any CPU
		{37A20035-ABE1-44D1-901E-845157D85010}.Debug|Any CPU.ActiveCfg = Debug|Any CPU
		{37A20035-ABE1-44D1-901E-845157D85010}.Debug|Any CPU.Build.0 = Debug|Any CPU
		{37A20035-ABE1-44D1-901E-845157D85010}.Debug|x64.ActiveCfg = Debug|Any CPU
		{37A20035-ABE1-44D1-901E-845157D85010}.Release|Any CPU.ActiveCfg = Release|Any CPU
		{37A20035-ABE1-44D1-901E-845157D85010}.Release|x64.ActiveCfg = Release|Any CPU
		{2B915265-CBDA-482F-8F41-ADF7F8ABA660}.Debug|Any CPU.ActiveCfg = Debug|Any CPU
		{2B915265-CBDA-482F-8F41-ADF7F8ABA660}.Debug|Any CPU.Build.0 = Debug|Any CPU
		{2B915265-CBDA-482F-8F41-ADF7F8ABA660}.Debug|x64.ActiveCfg = Debug|Any CPU
		{2B915265-CBDA-482F-8F41-ADF7F8ABA660}.Debug|x64.Build.0 = Debug|Any CPU
		{2B915265-CBDA-482F-8F41-ADF7F8ABA660}.Release|Any CPU.ActiveCfg = Release|Any CPU
		{2B915265-CBDA-482F-8F41-ADF7F8ABA660}.Release|Any CPU.Build.0 = Release|Any CPU
		{2B915265-CBDA-482F-8F41-ADF7F8ABA660}.Release|x64.ActiveCfg = Release|Any CPU
		{2B915265-CBDA-482F-8F41-ADF7F8ABA660}.Release|x64.Build.0 = Release|Any CPU
	EndGlobalSection
	GlobalSection(SolutionProperties) = preSolution
		HideSolutionNode = FALSE
	EndGlobalSection
	GlobalSection(NestedProjects) = preSolution
		{09360563-4EBA-460E-A1D4-D54B3B386066} = {DD15B030-587C-4A27-840B-2D7615608FD9}
		{DF5A0083-AB07-4E04-BA02-8D21ED866337} = {502B0A21-982C-48A4-81D7-6073B99194E0}
		{F2C28EEA-A38F-4BDB-A599-29B38D5FFF66} = {502B0A21-982C-48A4-81D7-6073B99194E0}
		{52816D09-D5F2-470F-AB4E-DA2F9EA300FD} = {502B0A21-982C-48A4-81D7-6073B99194E0}
		{37A20035-ABE1-44D1-901E-845157D85010} = {502B0A21-982C-48A4-81D7-6073B99194E0}
		{2B915265-CBDA-482F-8F41-ADF7F8ABA660} = {DD15B030-587C-4A27-840B-2D7615608FD9}
	EndGlobalSection
	GlobalSection(ExtensibilityGlobals) = postSolution
		SolutionGuid = {D8F2EC53-049D-4ACE-884A-9085C48EDC8E}
	EndGlobalSection
	GlobalSection(TestCaseManagementSettings) = postSolution
		CategoryFile = Zyan.vsmdi
	EndGlobalSection
EndGlobal
