
Microsoft Visual Studio Solution File, Format Version 11.00
# Visual Studio 2010
Project("{FAE04EC0-301F-11D3-BF4B-00C04F79EFBC}") = "Zyan.Communication", "Zyan.Communication\Zyan.Communication.csproj", "{EFC96CDA-BF8D-4B94-B4DE-882F841ABCCE}"
EndProject
Project("{FAE04EC0-301F-11D3-BF4B-00C04F79EFBC}") = "Zyan.Tests", "Zyan.Tests\Zyan.Tests.csproj", "{6D0167F8-9611-410F-9212-3D8AE9FF95E4}"
EndProject
Project("{2150E333-8FDC-42A3-9474-1A3956D46DE8}") = "Solution Items", "Solution Items", "{E9FB7AE3-607B-418F-87F4-1D5A6983E412}"
	ProjectSection(SolutionItems) = preProject
		Local.testsettings = Local.testsettings
		TraceAndTestImpact.testsettings = TraceAndTestImpact.testsettings
		Zyan.vsmdi = Zyan.vsmdi
	EndProjectSection
EndProject
Project("{2150E333-8FDC-42A3-9474-1A3956D46DE8}") = "Tests", "Tests", "{DD15B030-587C-4A27-840B-2D7615608FD9}"
EndProject
Project("{FAE04EC0-301F-11D3-BF4B-00C04F79EFBC}") = "IntegrationTest_DistributedEvents", "IntegrationTest_DistributedEvents\IntegrationTest_DistributedEvents.csproj", "{09360563-4EBA-460E-A1D4-D54B3B386066}"
EndProject
Project("{FAE04EC0-301F-11D3-BF4B-00C04F79EFBC}") = "Zyan.InterLinq", "Zyan.InterLinq\Zyan.InterLinq.csproj", "{8F294CBF-AC94-4F77-8263-7E5693798B16}"
EndProject
Global
	GlobalSection(TeamFoundationVersionControl) = preSolution
		SccNumberOfProjects = 5
		SccEnterpriseProvider = {4CA58AB2-18FA-4F8D-95D4-32DDF27D184C}
		SccTeamFoundationServer = https://tfs.codeplex.com/tfs/tfs15
		SccLocalPath0 = .
		SccProjectUniqueName1 = Zyan.Communication\\Zyan.Communication.csproj
		SccProjectName1 = Zyan.Communication
		SccLocalPath1 = Zyan.Communication
		SccProjectUniqueName2 = Zyan.Tests\\Zyan.Tests.csproj
		SccProjectTopLevelParentUniqueName2 = Zyan.sln
		SccProjectName2 = Zyan.Tests
		SccLocalPath2 = Zyan.Tests
		SccProjectUniqueName3 = IntegrationTest_DistributedEvents\\IntegrationTest_DistributedEvents.csproj
		SccProjectTopLevelParentUniqueName3 = Zyan.sln
		SccProjectName3 = IntegrationTest_DistributedEvents
		SccLocalPath3 = IntegrationTest_DistributedEvents
		SccProjectUniqueName4 = Zyan.InterLinq\\Zyan.InterLinq.csproj
		SccProjectName4 = Zyan.InterLinq
		SccLocalPath4 = Zyan.InterLinq
	EndGlobalSection
	GlobalSection(TestCaseManagementSettings) = postSolution
		CategoryFile = Zyan.vsmdi
	EndGlobalSection
	GlobalSection(SolutionConfigurationPlatforms) = preSolution
		Debug|Any CPU = Debug|Any CPU
		Release|Any CPU = Release|Any CPU
	EndGlobalSection
	GlobalSection(ProjectConfigurationPlatforms) = postSolution
		{EFC96CDA-BF8D-4B94-B4DE-882F841ABCCE}.Debug|Any CPU.ActiveCfg = Debug|Any CPU
		{EFC96CDA-BF8D-4B94-B4DE-882F841ABCCE}.Debug|Any CPU.Build.0 = Debug|Any CPU
		{EFC96CDA-BF8D-4B94-B4DE-882F841ABCCE}.Release|Any CPU.ActiveCfg = Release|Any CPU
		{EFC96CDA-BF8D-4B94-B4DE-882F841ABCCE}.Release|Any CPU.Build.0 = Release|Any CPU
		{6D0167F8-9611-410F-9212-3D8AE9FF95E4}.Debug|Any CPU.ActiveCfg = Debug|Any CPU
		{6D0167F8-9611-410F-9212-3D8AE9FF95E4}.Debug|Any CPU.Build.0 = Debug|Any CPU
		{6D0167F8-9611-410F-9212-3D8AE9FF95E4}.Release|Any CPU.ActiveCfg = Release|Any CPU
		{6D0167F8-9611-410F-9212-3D8AE9FF95E4}.Release|Any CPU.Build.0 = Release|Any CPU
		{09360563-4EBA-460E-A1D4-D54B3B386066}.Debug|Any CPU.ActiveCfg = Debug|Any CPU
		{09360563-4EBA-460E-A1D4-D54B3B386066}.Debug|Any CPU.Build.0 = Debug|Any CPU
		{09360563-4EBA-460E-A1D4-D54B3B386066}.Release|Any CPU.ActiveCfg = Release|Any CPU
		{09360563-4EBA-460E-A1D4-D54B3B386066}.Release|Any CPU.Build.0 = Release|Any CPU
		{8F294CBF-AC94-4F77-8263-7E5693798B16}.Debug|Any CPU.ActiveCfg = Debug|Any CPU
		{8F294CBF-AC94-4F77-8263-7E5693798B16}.Debug|Any CPU.Build.0 = Debug|Any CPU
		{8F294CBF-AC94-4F77-8263-7E5693798B16}.Release|Any CPU.ActiveCfg = Release|Any CPU
		{8F294CBF-AC94-4F77-8263-7E5693798B16}.Release|Any CPU.Build.0 = Release|Any CPU
	EndGlobalSection
	GlobalSection(SolutionProperties) = preSolution
		HideSolutionNode = FALSE
	EndGlobalSection
	GlobalSection(NestedProjects) = preSolution
		{6D0167F8-9611-410F-9212-3D8AE9FF95E4} = {DD15B030-587C-4A27-840B-2D7615608FD9}
		{09360563-4EBA-460E-A1D4-D54B3B386066} = {DD15B030-587C-4A27-840B-2D7615608FD9}
	EndGlobalSection
EndGlobal
